{
  "requires": true,
  "lockfileVersion": 1,
  "dependencies": {
    "react-native-maps": {
      "version": "0.26.1",
      "resolved": "https://registry.npmjs.org/react-native-maps/-/react-native-maps-0.26.1.tgz",
      "integrity": "sha512-p4VTB8YB5ZmOmDRCUpoHZkm05amZwhIo04AJMBbB9+JAR2PNNfpo0vceoWX0Mag4wnePkdzPomeWMplr/wimTg=="
    }
  }
}
